// !$*UTF8*$!
{
	archiveVersion = 1;
	classes = {
	};
	objectVersion = 77;
	objects = {

/* Begin PBXBuildFile section */
		41019DA46CB18A113CA428BC /* ContentView.swift in Sources */ = {isa = PBXBuildFile; fileRef = 9856D7445A291A26C7C7E6D4 /* ContentView.swift */; };
		815A15FC93E920909962FD51 /* VideoConverterTests.swift in Sources */ = {isa = PBXBuildFile; fileRef = 2F82A276E55F9412203F7E8B /* VideoConverterTests.swift */; };
		9C6D228CE9838F08237AA541 /* AppIcon.icon in Resources */ = {isa = PBXBuildFile; fileRef = 6EFD74E196CA43976B71DBF4 /* AppIcon.icon */; };
		C7BE7EDB173FEFFF59326702 /* VideoConverter.swift in Sources */ = {isa = PBXBuildFile; fileRef = 4321836EB0BFBE53935DD6C7 /* VideoConverter.swift */; };
		CA3B453E6B4A92D0E0896EB6 /* ShrinkRayApp.swift in Sources */ = {isa = PBXBuildFile; fileRef = E1AC8830CDCF7A3B8471D46E /* ShrinkRayApp.swift */; };
/* End PBXBuildFile section */

/* Begin PBXContainerItemProxy section */
		FC2D05E8D2A6A27D15AF88CF /* PBXContainerItemProxy */ = {
			isa = PBXContainerItemProxy;
			containerPortal = 7425FE08D67BFA1F2CE56A59 /* Project object */;
			proxyType = 1;
			remoteGlobalIDString = 36B59E503EC1199C0E6C81C9;
			remoteInfo = ShrinkRay;
		};
/* End PBXContainerItemProxy section */

/* Begin PBXFileReference section */
		2BE1BFFF071F48988CE26E1D /* ShrinkRayTests.xctest */ = {isa = PBXFileReference; explicitFileType = wrapper.cfbundle; includeInIndex = 0; path = ShrinkRayTests.xctest; sourceTree = BUILT_PRODUCTS_DIR; };
		2F82A276E55F9412203F7E8B /* VideoConverterTests.swift */ = {isa = PBXFileReference; lastKnownFileType = sourcecode.swift; path = VideoConverterTests.swift; sourceTree = "<group>"; };
		4321836EB0BFBE53935DD6C7 /* VideoConverter.swift */ = {isa = PBXFileReference; lastKnownFileType = sourcecode.swift; path = VideoConverter.swift; sourceTree = "<group>"; };
		6EFD74E196CA43976B71DBF4 /* AppIcon.icon */ = {isa = PBXFileReference; lastKnownFileType = wrapper.icon; path = AppIcon.icon; sourceTree = "<group>"; };
		92C0AEA8F6B27E8488D9BBE2 /* ShrinkRay.app */ = {isa = PBXFileReference; explicitFileType = wrapper.application; includeInIndex = 0; path = ShrinkRay.app; sourceTree = BUILT_PRODUCTS_DIR; };
		9856D7445A291A26C7C7E6D4 /* ContentView.swift */ = {isa = PBXFileReference; lastKnownFileType = sourcecode.swift; path = ContentView.swift; sourceTree = "<group>"; };
		E1AC8830CDCF7A3B8471D46E /* ShrinkRayApp.swift */ = {isa = PBXFileReference; lastKnownFileType = sourcecode.swift; path = ShrinkRayApp.swift; sourceTree = "<group>"; };
/* End PBXFileReference section */

/* Begin PBXGroup section */
		2682D06F8FF5AFC5A152AE00 /* ShrinkRay */ = {
			isa = PBXGroup;
			children = (
				9856D7445A291A26C7C7E6D4 /* ContentView.swift */,
				E1AC8830CDCF7A3B8471D46E /* ShrinkRayApp.swift */,
				4321836EB0BFBE53935DD6C7 /* VideoConverter.swift */,
			);
			path = ShrinkRay;
			sourceTree = "<group>";
		};
		2B4DE911045B6A0A4FE2F4D4 /* Products */ = {
			isa = PBXGroup;
			children = (
				92C0AEA8F6B27E8488D9BBE2 /* ShrinkRay.app */,
				2BE1BFFF071F48988CE26E1D /* ShrinkRayTests.xctest */,
			);
			name = Products;
			sourceTree = "<group>";
		};
		6B80B351FBA0996D0246293F = {
			isa = PBXGroup;
			children = (
				6EFD74E196CA43976B71DBF4 /* AppIcon.icon */,
				2682D06F8FF5AFC5A152AE00 /* ShrinkRay */,
				EDA3950588B916C025F1CA47 /* ShrinkRayTests */,
				2B4DE911045B6A0A4FE2F4D4 /* Products */,
			);
			sourceTree = "<group>";
		};
		EDA3950588B916C025F1CA47 /* ShrinkRayTests */ = {
			isa = PBXGroup;
			children = (
				2F82A276E55F9412203F7E8B /* VideoConverterTests.swift */,
			);
			path = ShrinkRayTests;
			sourceTree = "<group>";
		};
/* End PBXGroup section */

/* Begin PBXNativeTarget section */
		154F626924A6C6ADFE706339 /* ShrinkRayTests */ = {
			isa = PBXNativeTarget;
			buildConfigurationList = AB60579C02FCA918D6C09D8F /* Build configuration list for PBXNativeTarget "ShrinkRayTests" */;
			buildPhases = (
				E60D8E6C6155D752CDD704B8 /* Sources */,
			);
			buildRules = (
			);
			dependencies = (
				1B0B7398FA35E6A77DE3BDEA /* PBXTargetDependency */,
			);
			name = ShrinkRayTests;
			packageProductDependencies = (
			);
			productName = ShrinkRayTests;
			productReference = 2BE1BFFF071F48988CE26E1D /* ShrinkRayTests.xctest */;
			productType = "com.apple.product-type.bundle.unit-test";
		};
		36B59E503EC1199C0E6C81C9 /* ShrinkRay */ = {
			isa = PBXNativeTarget;
			buildConfigurationList = DD52E5C04F773A2B79C8A60C /* Build configuration list for PBXNativeTarget "ShrinkRay" */;
			buildPhases = (
				59BD7295762D614622862A87 /* Sources */,
				554E7047168246FD0AA66520 /* Resources */,
			);
			buildRules = (
			);
			dependencies = (
			);
			name = ShrinkRay;
			packageProductDependencies = (
			);
			productName = ShrinkRay;
			productReference = 92C0AEA8F6B27E8488D9BBE2 /* ShrinkRay.app */;
			productType = "com.apple.product-type.application";
		};
/* End PBXNativeTarget section */

/* Begin PBXProject section */
		7425FE08D67BFA1F2CE56A59 /* Project object */ = {
			isa = PBXProject;
			attributes = {
				BuildIndependentTargetsInParallel = YES;
				LastUpgradeCheck = 1430;
				TargetAttributes = {
					36B59E503EC1199C0E6C81C9 = {
						ProvisioningStyle = Automatic;
					};
				};
			};
			buildConfigurationList = 09CCD3BD62FCE1FB430F2882 /* Build configuration list for PBXProject "ShrinkRay" */;
			developmentRegion = en;
			hasScannedForEncodings = 0;
			knownRegions = (
				Base,
				en,
			);
			mainGroup = 6B80B351FBA0996D0246293F;
			minimizedProjectReferenceProxies = 1;
			preferredProjectObjectVersion = 77;
			productRefGroup = 2B4DE911045B6A0A4FE2F4D4 /* Products */;
			projectDirPath = "";
			projectRoot = "";
			targets = (
				36B59E503EC1199C0E6C81C9 /* ShrinkRay */,
				154F626924A6C6ADFE706339 /* ShrinkRayTests */,
			);
		};
/* End PBXProject section */

/* Begin PBXResourcesBuildPhase section */
		554E7047168246FD0AA66520 /* Resources */ = {
			isa = PBXResourcesBuildPhase;
			buildActionMask = 2147483647;
			files = (
				9C6D228CE9838F08237AA541 /* AppIcon.icon in Resources */,
			);
			runOnlyForDeploymentPostprocessing = 0;
		};
/* End PBXResourcesBuildPhase section */

/* Begin PBXSourcesBuildPhase section */
		59BD7295762D614622862A87 /* Sources */ = {
			isa = PBXSourcesBuildPhase;
			buildActionMask = 2147483647;
			files = (
				41019DA46CB18A113CA428BC /* ContentView.swift in Sources */,
				CA3B453E6B4A92D0E0896EB6 /* ShrinkRayApp.swift in Sources */,
				C7BE7EDB173FEFFF59326702 /* VideoConverter.swift in Sources */,
			);
			runOnlyForDeploymentPostprocessing = 0;
		};
		E60D8E6C6155D752CDD704B8 /* Sources */ = {
			isa = PBXSourcesBuildPhase;
			buildActionMask = 2147483647;
			files = (
				815A15FC93E920909962FD51 /* VideoConverterTests.swift in Sources */,
			);
			runOnlyForDeploymentPostprocessing = 0;
		};
/* End PBXSourcesBuildPhase section */

/* Begin PBXTargetDependency section */
		1B0B7398FA35E6A77DE3BDEA /* PBXTargetDependency */ = {
			isa = PBXTargetDependency;
			target = 36B59E503EC1199C0E6C81C9 /* ShrinkRay */;
			targetProxy = FC2D05E8D2A6A27D15AF88CF /* PBXContainerItemProxy */;
		};
/* End PBXTargetDependency section */

/* Begin XCBuildConfiguration section */
		33558150E9DFAB48404EC348 /* Release */ = {
			isa = XCBuildConfiguration;
			buildSettings = {
				ASSETCATALOG_COMPILER_APPICON_NAME = AppIcon;
				CODE_SIGN_STYLE = Automatic;
				COMBINE_HIDPI_IMAGES = YES;
				ENABLE_APP_SANDBOX = NO;
				INFOPLIST_KEY_CFBundleDisplayName = ShrinkRay;
				INFOPLIST_KEY_LSApplicationCategoryType = "public.app-category.video";
				INFOPLIST_KEY_NSHumanReadableCopyright = "Copyright © 2026 Ethan Freeman";
				LD_RUNPATH_SEARCH_PATHS = (
					"$(inherited)",
					"@executable_path/../Frameworks",
				);
				MACOSX_DEPLOYMENT_TARGET = 15.0;
				PRODUCT_BUNDLE_IDENTIFIER = com.local.ShrinkRay;
				PRODUCT_MODULE_NAME = ShrinkRay;
				SDKROOT = macosx;
			};
			name = Release;
		};
		3D50617590DB4DF638CB2D0C /* Release */ = {
			isa = XCBuildConfiguration;
			buildSettings = {
				BUNDLE_LOADER = "$(TEST_HOST)";
				COMBINE_HIDPI_IMAGES = YES;
				LD_RUNPATH_SEARCH_PATHS = (
					"$(inherited)",
					"@executable_path/../Frameworks",
					"@loader_path/../Frameworks",
				);
				PRODUCT_BUNDLE_IDENTIFIER = com.local.ShrinkRayTests;
				PRODUCT_MODULE_NAME = ShrinkRayTests;
				PRODUCT_NAME = "$(TARGET_NAME)";
				SDKROOT = macosx;
				TEST_HOST = "$(BUILT_PRODUCTS_DIR)/ShrinkRay.app/Contents/MacOS/ShrinkRay";
			};
			name = Release;
		};
		5406789E8AA5004227CE41A3 /* Release */ = {
			isa = XCBuildConfiguration;
			buildSettings = {
				ALWAYS_SEARCH_USER_PATHS = NO;
				CLANG_ANALYZER_NONNULL = YES;
				CLANG_ANALYZER_NUMBER_OBJECT_CONVERSION = YES_AGGRESSIVE;
				CLANG_CXX_LANGUAGE_STANDARD = "gnu++14";
				CLANG_CXX_LIBRARY = "libc++";
				CLANG_ENABLE_MODULES = YES;
				CLANG_ENABLE_OBJC_ARC = YES;
				CLANG_ENABLE_OBJC_WEAK = YES;
				CLANG_WARN_BLOCK_CAPTURE_AUTORELEASING = YES;
				CLANG_WARN_BOOL_CONVERSION = YES;
				CLANG_WARN_COMMA = YES;
				CLANG_WARN_CONSTANT_CONVERSION = YES;
				CLANG_WARN_DEPRECATED_OBJC_IMPLEMENTATIONS = YES;
				CLANG_WARN_DIRECT_OBJC_ISA_USAGE = YES_ERROR;
				CLANG_WARN_DOCUMENTATION_COMMENTS = YES;
				CLANG_WARN_EMPTY_BODY = YES;
				CLANG_WARN_ENUM_CONVERSION = YES;
				CLANG_WARN_INFINITE_RECURSION = YES;
				CLANG_WARN_INT_CONVERSION = YES;
				CLANG_WARN_NON_LITERAL_NULL_CONVERSION = YES;
				CLANG_WARN_OBJC_IMPLICIT_RETAIN_SELF = YES;
				CLANG_WARN_OBJC_LITERAL_CONVERSION = YES;
				CLANG_WARN_OBJC_ROOT_CLASS = YES_ERROR;
				CLANG_WARN_QUOTED_INCLUDE_IN_FRAMEWORK_HEADER = YES;
				CLANG_WARN_RANGE_LOOP_ANALYSIS = YES;
				CLANG_WARN_STRICT_PROTOTYPES = YES;
				CLANG_WARN_SUSPICIOUS_MOVE = YES;
				CLANG_WARN_UNGUARDED_AVAILABILITY = YES_AGGRESSIVE;
				CLANG_WARN_UNREACHABLE_CODE = YES;
				CLANG_WARN__DUPLICATE_METHOD_MATCH = YES;
				COPY_PHASE_STRIP = NO;
				CURRENT_PROJECT_VERSION = 1;
				DEBUG_INFORMATION_FORMAT = "dwarf-with-dsym";
				ENABLE_NS_ASSERTIONS = NO;
				ENABLE_STRICT_OBJC_MSGSEND = YES;
				GCC_C_LANGUAGE_STANDARD = gnu11;
				GCC_NO_COMMON_BLOCKS = YES;
				GCC_WARN_64_TO_32_BIT_CONVERSION = YES;
				GCC_WARN_ABOUT_RETURN_TYPE = YES_ERROR;
				GCC_WARN_UNDECLARED_SELECTOR = YES;
				GCC_WARN_UNINITIALIZED_AUTOS = YES_AGGRESSIVE;
				GCC_WARN_UNUSED_FUNCTION = YES;
				GCC_WARN_UNUSED_VARIABLE = YES;
				GENERATE_INFOPLIST_FILE = YES;
				MACOSX_DEPLOYMENT_TARGET = 15.0;
				MARKETING_VERSION = 1.0.0;
				MTL_ENABLE_DEBUG_INFO = NO;
				MTL_FAST_MATH = YES;
				PRODUCT_NAME = ShrinkRay;
				SDKROOT = macosx;
				SWIFT_COMPILATION_MODE = wholemodule;
				SWIFT_OPTIMIZATION_LEVEL = "-O";
				SWIFT_VERSION = 6.0;
			};
			name = Release;
		};
		789D66D72BB05E56C20B56E3 /* Debug */ = {
			isa = XCBuildConfiguration;
			buildSettings = {
				ALWAYS_SEARCH_USER_PATHS = NO;
				CLANG_ANALYZER_NONNULL = YES;
				CLANG_ANALYZER_NUMBER_OBJECT_CONVERSION = YES_AGGRESSIVE;
				CLANG_CXX_LANGUAGE_STANDARD = "gnu++14";
				CLANG_CXX_LIBRARY = "libc++";
				CLANG_ENABLE_MODULES = YES;
				CLANG_ENABLE_OBJC_ARC = YES;
				CLANG_ENABLE_OBJC_WEAK = YES;
				CLANG_WARN_BLOCK_CAPTURE_AUTORELEASING = YES;
				CLANG_WARN_BOOL_CONVERSION = YES;
				CLANG_WARN_COMMA = YES;
				CLANG_WARN_CONSTANT_CONVERSION = YES;
				CLANG_WARN_DEPRECATED_OBJC_IMPLEMENTATIONS = YES;
				CLANG_WARN_DIRECT_OBJC_ISA_USAGE = YES_ERROR;
				CLANG_WARN_DOCUMENTATION_COMMENTS = YES;
				CLANG_WARN_EMPTY_BODY = YES;
				CLANG_WARN_ENUM_CONVERSION = YES;
				CLANG_WARN_INFINITE_RECURSION = YES;
				CLANG_WARN_INT_CONVERSION = YES;
				CLANG_WARN_NON_LITERAL_NULL_CONVERSION = YES;
				CLANG_WARN_OBJC_IMPLICIT_RETAIN_SELF = YES;
				CLANG_WARN_OBJC_LITERAL_CONVERSION = YES;
				CLANG_WARN_OBJC_ROOT_CLASS = YES_ERROR;
				CLANG_WARN_QUOTED_INCLUDE_IN_FRAMEWORK_HEADER = YES;
				CLANG_WARN_RANGE_LOOP_ANALYSIS = YES;
				CLANG_WARN_STRICT_PROTOTYPES = YES;
				CLANG_WARN_SUSPICIOUS_MOVE = YES;
				CLANG_WARN_UNGUARDED_AVAILABILITY = YES_AGGRESSIVE;
				CLANG_WARN_UNREACHABLE_CODE = YES;
				CLANG_WARN__DUPLICATE_METHOD_MATCH = YES;
				COPY_PHASE_STRIP = NO;
				CURRENT_PROJECT_VERSION = 1;
				DEBUG_INFORMATION_FORMAT = dwarf;
				ENABLE_STRICT_OBJC_MSGSEND = YES;
				ENABLE_TESTABILITY = YES;
				GCC_C_LANGUAGE_STANDARD = gnu11;
				GCC_DYNAMIC_NO_PIC = NO;
				GCC_NO_COMMON_BLOCKS = YES;
				GCC_OPTIMIZATION_LEVEL = 0;
				GCC_PREPROCESSOR_DEFINITIONS = (
					"$(inherited)",
					"DEBUG=1",
				);
				GCC_WARN_64_TO_32_BIT_CONVERSION = YES;
				GCC_WARN_ABOUT_RETURN_TYPE = YES_ERROR;
				GCC_WARN_UNDECLARED_SELECTOR = YES;
				GCC_WARN_UNINITIALIZED_AUTOS = YES_AGGRESSIVE;
				GCC_WARN_UNUSED_FUNCTION = YES;
				GCC_WARN_UNUSED_VARIABLE = YES;
				GENERATE_INFOPLIST_FILE = YES;
				MACOSX_DEPLOYMENT_TARGET = 15.0;
				MARKETING_VERSION = 1.0.0;
				MTL_ENABLE_DEBUG_INFO = INCLUDE_SOURCE;
				MTL_FAST_MATH = YES;
				ONLY_ACTIVE_ARCH = YES;
				PRODUCT_NAME = ShrinkRay;
				SDKROOT = macosx;
				SWIFT_ACTIVE_COMPILATION_CONDITIONS = DEBUG;
				SWIFT_OPTIMIZATION_LEVEL = "-Onone";
				SWIFT_VERSION = 6.0;
			};
			name = Debug;
		};
		B3AAEBD8B8B23E55EFA1C2C6 /* Debug */ = {
			isa = XCBuildConfiguration;
			buildSettings = {
				BUNDLE_LOADER = "$(TEST_HOST)";
				COMBINE_HIDPI_IMAGES = YES;
				LD_RUNPATH_SEARCH_PATHS = (
					"$(inherited)",
					"@executable_path/../Frameworks",
					"@loader_path/../Frameworks",
				);
				PRODUCT_BUNDLE_IDENTIFIER = com.local.ShrinkRayTests;
				PRODUCT_MODULE_NAME = ShrinkRayTests;
				PRODUCT_NAME = "$(TARGET_NAME)";
				SDKROOT = macosx;
				TEST_HOST = "$(BUILT_PRODUCTS_DIR)/ShrinkRay.app/Contents/MacOS/ShrinkRay";
			};
			name = Debug;
		};
		CB0DA3803F60CB726396F16D /* Debug */ = {
			isa = XCBuildConfiguration;
			buildSettings = {
				ASSETCATALOG_COMPILER_APPICON_NAME = AppIcon;
				CODE_SIGN_STYLE = Automatic;
				COMBINE_HIDPI_IMAGES = YES;
				ENABLE_APP_SANDBOX = NO;
				INFOPLIST_KEY_CFBundleDisplayName = ShrinkRay;
				INFOPLIST_KEY_LSApplicationCategoryType = "public.app-category.video";
				INFOPLIST_KEY_NSHumanReadableCopyright = "Copyright © 2026 Ethan Freeman";
				LD_RUNPATH_SEARCH_PATHS = (
					"$(inherited)",
					"@executable_path/../Frameworks",
				);
				MACOSX_DEPLOYMENT_TARGET = 15.0;
				PRODUCT_BUNDLE_IDENTIFIER = com.local.ShrinkRay;
				PRODUCT_MODULE_NAME = ShrinkRay;
				SDKROOT = macosx;
			};
			name = Debug;
		};
/* End XCBuildConfiguration section */

/* Begin XCConfigurationList section */
		09CCD3BD62FCE1FB430F2882 /* Build configuration list for PBXProject "ShrinkRay" */ = {
			isa = XCConfigurationList;
			buildConfigurations = (
				789D66D72BB05E56C20B56E3 /* Debug */,
				5406789E8AA5004227CE41A3 /* Release */,
			);
			defaultConfigurationIsVisible = 0;
			defaultConfigurationName = Debug;
		};
		AB60579C02FCA918D6C09D8F /* Build configuration list for PBXNativeTarget "ShrinkRayTests" */ = {
			isa = XCConfigurationList;
			buildConfigurations = (
				B3AAEBD8B8B23E55EFA1C2C6 /* Debug */,
				3D50617590DB4DF638CB2D0C /* Release */,
			);
			defaultConfigurationIsVisible = 0;
			defaultConfigurationName = Debug;
		};
		DD52E5C04F773A2B79C8A60C /* Build configuration list for PBXNativeTarget "ShrinkRay" */ = {
			isa = XCConfigurationList;
			buildConfigurations = (
				CB0DA3803F60CB726396F16D /* Debug */,
				33558150E9DFAB48404EC348 /* Release */,
			);
			defaultConfigurationIsVisible = 0;
			defaultConfigurationName = Debug;
		};
/* End XCConfigurationList section */
	};
	rootObject = 7425FE08D67BFA1F2CE56A59 /* Project object */;
}
